// !$*UTF8*$!
{
	archiveVersion = 1;
	classes = {
	};
	objectVersion = 56;
	objects = {

/* Begin PBXBuildFile section */
		33A48FFF2B9F649C00CE4759 /* AppDelegate.swift in Sources */ = {isa = PBXBuildFile; fileRef = 33A48FFE2B9F649C00CE4759 /* AppDelegate.swift */; };
		33A490012B9F649C00CE4759 /* SceneDelegate.swift in Sources */ = {isa = PBXBuildFile; fileRef = 33A490002B9F649C00CE4759 /* SceneDelegate.swift */; };
		33A490032B9F649C00CE4759 /* ViewController.swift in Sources */ = {isa = PBXBuildFile; fileRef = 33A490022B9F649C00CE4759 /* ViewController.swift */; };
		33A490062B9F649C00CE4759 /* Base in Resources */ = {isa = PBXBuildFile; fileRef = 33A490052B9F649C00CE4759 /* Base */; };
		33A490082B9F649F00CE4759 /* Assets.xcassets in Resources */ = {isa = PBXBuildFile; fileRef = 33A490072B9F649F00CE4759 /* Assets.xcassets */; };
		33A4900B2B9F649F00CE4759 /* Base in Resources */ = {isa = PBXBuildFile; fileRef = 33A4900A2B9F649F00CE4759 /* Base */; };
		33A490132B9F64DD00CE4759 /* MainViewController.swift in Sources */ = {isa = PBXBuildFile; fileRef = 33A490122B9F64DD00CE4759 /* MainViewController.swift */; };
		33A490152B9F6F9400CE4759 /* SettingsViewController.swift in Sources */ = {isa = PBXBuildFile; fileRef = 33A490142B9F6F9400CE4759 /* SettingsViewController.swift */; };
		33A490172BA00FAD00CE4759 /* FirstViewController.swift in Sources */ = {isa = PBXBuildFile; fileRef = 33A490162BA00FAD00CE4759 /* FirstViewController.swift */; };
		33A490192BA00FC200CE4759 /* SecondViewController.swift in Sources */ = {isa = PBXBuildFile; fileRef = 33A490182BA00FC200CE4759 /* SecondViewController.swift */; };
		33A4901B2BA00FE100CE4759 /* ThirdViewController.swift in Sources */ = {isa = PBXBuildFile; fileRef = 33A4901A2BA00FE000CE4759 /* ThirdViewController.swift */; };
		33A4901D2BA0101400CE4759 /* TabBarViewController.swift in Sources */ = {isa = PBXBuildFile; fileRef = 33A4901C2BA0101400CE4759 /* TabBarViewController.swift */; };
/* End PBXBuildFile section */

/* Begin PBXFileReference section */
		33A48FFB2B9F649C00CE4759 /* Navigation$TabBar.app */ = {isa = PBXFileReference; explicitFileType = wrapper.application; includeInIndex = 0; path = Navigation$TabBar.app; sourceTree = BUILT_PRODUCTS_DIR; };
		33A48FFE2B9F649C00CE4759 /* AppDelegate.swift */ = {isa = PBXFileReference; lastKnownFileType = sourcecode.swift; path = AppDelegate.swift; sourceTree = "<group>"; };
		33A490002B9F649C00CE4759 /* SceneDelegate.swift */ = {isa = PBXFileReference; lastKnownFileType = sourcecode.swift; path = SceneDelegate.swift; sourceTree = "<group>"; };
		33A490022B9F649C00CE4759 /* ViewController.swift */ = {isa = PBXFileReference; lastKnownFileType = sourcecode.swift; path = ViewController.swift; sourceTree = "<group>"; };
		33A490052B9F649C00CE4759 /* Base */ = {isa = PBXFileReference; lastKnownFileType = file.storyboard; name = Base; path = Base.lproj/Main.storyboard; sourceTree = "<group>"; };
		33A490072B9F649F00CE4759 /* Assets.xcassets */ = {isa = PBXFileReference; lastKnownFileType = folder.assetcatalog; path = Assets.xcassets; sourceTree = "<group>"; };
		33A4900A2B9F649F00CE4759 /* Base */ = {isa = PBXFileReference; lastKnownFileType = file.storyboard; name = Base; path = Base.lproj/LaunchScreen.storyboard; sourceTree = "<group>"; };
		33A4900C2B9F649F00CE4759 /* Info.plist */ = {isa = PBXFileReference; lastKnownFileType = text.plist.xml; path = Info.plist; sourceTree = "<group>"; };
		33A490122B9F64DD00CE4759 /* MainViewController.swift */ = {isa = PBXFileReference; lastKnownFileType = sourcecode.swift; path = MainViewController.swift; sourceTree = "<group>"; };
		33A490142B9F6F9400CE4759 /* SettingsViewController.swift */ = {isa = PBXFileReference; lastKnownFileType = sourcecode.swift; path = SettingsViewController.swift; sourceTree = "<group>"; };
		33A490162BA00FAD00CE4759 /* FirstViewController.swift */ = {isa = PBXFileReference; lastKnownFileType = sourcecode.swift; path = FirstViewController.swift; sourceTree = "<group>"; };
		33A490182BA00FC200CE4759 /* SecondViewController.swift */ = {isa = PBXFileReference; lastKnownFileType = sourcecode.swift; path = SecondViewController.swift; sourceTree = "<group>"; };
		33A4901A2BA00FE000CE4759 /* ThirdViewController.swift */ = {isa = PBXFileReference; lastKnownFileType = sourcecode.swift; path = ThirdViewController.swift; sourceTree = "<group>"; };
		33A4901C2BA0101400CE4759 /* TabBarViewController.swift */ = {isa = PBXFileReference; lastKnownFileType = sourcecode.swift; path = TabBarViewController.swift; sourceTree = "<group>"; };
/* End PBXFileReference section */

/* Begin PBXFrameworksBuildPhase section */
		33A48FF82B9F649C00CE4759 /* Frameworks */ = {
			isa = PBXFrameworksBuildPhase;
			buildActionMask = 2147483647;
			files = (
			);
			runOnlyForDeploymentPostprocessing = 0;
		};
/* End PBXFrameworksBuildPhase section */

/* Begin PBXGroup section */
		33A48FF22B9F649C00CE4759 = {
			isa = PBXGroup;
			children = (
				33A48FFD2B9F649C00CE4759 /* Navigation$TabBar */,
				33A48FFC2B9F649C00CE4759 /* Products */,
			);
			sourceTree = "<group>";
		};
		33A48FFC2B9F649C00CE4759 /* Products */ = {
			isa = PBXGroup;
			children = (
				33A48FFB2B9F649C00CE4759 /* Navigation$TabBar.app */,
			);
			name = Products;
			sourceTree = "<group>";
		};
		33A48FFD2B9F649C00CE4759 /* Navigation$TabBar */ = {
			isa = PBXGroup;
			children = (
				33A490022B9F649C00CE4759 /* ViewController.swift */,
				33A490122B9F64DD00CE4759 /* MainViewController.swift */,
				33A490142B9F6F9400CE4759 /* SettingsViewController.swift */,
				33A490162BA00FAD00CE4759 /* FirstViewController.swift */,
				33A490182BA00FC200CE4759 /* SecondViewController.swift */,
				33A4901A2BA00FE000CE4759 /* ThirdViewController.swift */,
				33A4901C2BA0101400CE4759 /* TabBarViewController.swift */,
				33A48FFE2B9F649C00CE4759 /* AppDelegate.swift */,
				33A490002B9F649C00CE4759 /* SceneDelegate.swift */,
				33A490042B9F649C00CE4759 /* Main.storyboard */,
				33A490072B9F649F00CE4759 /* Assets.xcassets */,
				33A490092B9F649F00CE4759 /* LaunchScreen.storyboard */,
				33A4900C2B9F649F00CE4759 /* Info.plist */,
			);
			path = Navigation$TabBar;
			sourceTree = "<group>";
		};
/* End PBXGroup section */

/* Begin PBXNativeTarget section */
		33A48FFA2B9F649C00CE4759 /* Navigation$TabBar */ = {
			isa = PBXNativeTarget;
			buildConfigurationList = 33A4900F2B9F649F00CE4759 /* Build configuration list for PBXNativeTarget "Navigation$TabBar" */;
			buildPhases = (
				33A48FF72B9F649C00CE4759 /* Sources */,
				33A48FF82B9F649C00CE4759 /* Frameworks */,
				33A48FF92B9F649C00CE4759 /* Resources */,
			);
			buildRules = (
			);
			dependencies = (
			);
			name = Navigation$TabBar;
			productName = Navigation$TabBar;
			productReference = 33A48FFB2B9F649C00CE4759 /* Navigation$TabBar.app */;
			productType = "com.apple.product-type.application";
		};
/* End PBXNativeTarget section */

/* Begin PBXProject section */
		33A48FF32B9F649C00CE4759 /* Project object */ = {
			isa = PBXProject;
			attributes = {
				BuildIndependentTargetsInParallel = 1;
				LastSwiftUpdateCheck = 1530;
				LastUpgradeCheck = 1530;
				TargetAttributes = {
					33A48FFA2B9F649C00CE4759 = {
						CreatedOnToolsVersion = 15.3;
					};
				};
			};
			buildConfigurationList = 33A48FF62B9F649C00CE4759 /* Build configuration list for PBXProject "Navigation$TabBar" */;
			compatibilityVersion = "Xcode 14.0";
			developmentRegion = en;
			hasScannedForEncodings = 0;
			knownRegions = (
				en,
				Base,
			);
			mainGroup = 33A48FF22B9F649C00CE4759;
			productRefGroup = 33A48FFC2B9F649C00CE4759 /* Products */;
			projectDirPath = "";
			projectRoot = "";
			targets = (
				33A48FFA2B9F649C00CE4759 /* Navigation$TabBar */,
			);
		};
/* End PBXProject section */

/* Begin PBXResourcesBuildPhase section */
		33A48FF92B9F649C00CE4759 /* Resources */ = {
			isa = PBXResourcesBuildPhase;
			buildActionMask = 2147483647;
			files = (
				33A490082B9F649F00CE4759 /* Assets.xcassets in Resources */,
				33A4900B2B9F649F00CE4759 /* Base in Resources */,
				33A490062B9F649C00CE4759 /* Base in Resources */,
			);
			runOnlyForDeploymentPostprocessing = 0;
		};
/* End PBXResourcesBuildPhase section */

/* Begin PBXSourcesBuildPhase section */
		33A48FF72B9F649C00CE4759 /* Sources */ = {
			isa = PBXSourcesBuildPhase;
			buildActionMask = 2147483647;
			files = (
				33A490032B9F649C00CE4759 /* ViewController.swift in Sources */,
				33A48FFF2B9F649C00CE4759 /* AppDelegate.swift in Sources */,
				33A490012B9F649C00CE4759 /* SceneDelegate.swift in Sources */,
				33A490172BA00FAD00CE4759 /* FirstViewController.swift in Sources */,
				33A4901D2BA0101400CE4759 /* TabBarViewController.swift in Sources */,
				33A490192BA00FC200CE4759 /* SecondViewController.swift in Sources */,
				33A490152B9F6F9400CE4759 /* SettingsViewController.swift in Sources */,
				33A490132B9F64DD00CE4759 /* MainViewController.swift in Sources */,
				33A4901B2BA00FE100CE4759 /* ThirdViewController.swift in Sources */,
			);
			runOnlyForDeploymentPostprocessing = 0;
		};
/* End PBXSourcesBuildPhase section */

/* Begin PBXVariantGroup section */
		33A490042B9F649C00CE4759 /* Main.storyboard */ = {
			isa = PBXVariantGroup;
			children = (
				33A490052B9F649C00CE4759 /* Base */,
			);
			name = Main.storyboard;
			sourceTree = "<group>";
		};
		33A490092B9F649F00CE4759 /* LaunchScreen.storyboard */ = {
			isa = PBXVariantGroup;
			children = (
				33A4900A2B9F649F00CE4759 /* Base */,
			);
			name = LaunchScreen.storyboard;
			sourceTree = "<group>";
		};
/* End PBXVariantGroup section */

/* Begin XCBuildConfiguration section */
		33A4900D2B9F649F00CE4759 /* Debug */ = {
			isa = XCBuildConfiguration;
			buildSettings = {
				ALWAYS_SEARCH_USER_PATHS = NO;
				ASSETCATALOG_COMPILER_GENERATE_SWIFT_ASSET_SYMBOL_EXTENSIONS = YES;
				CLANG_ANALYZER_NONNULL = YES;
				CLANG_ANALYZER_NUMBER_OBJECT_CONVERSION = YES_AGGRESSIVE;
				CLANG_CXX_LANGUAGE_STANDARD = "gnu++20";
				CLANG_ENABLE_MODULES = YES;
				CLANG_ENABLE_OBJC_ARC = YES;
				CLANG_ENABLE_OBJC_WEAK = YES;
				CLANG_WARN_BLOCK_CAPTURE_AUTORELEASING = YES;
				CLANG_WARN_BOOL_CONVERSION = YES;
				CLANG_WARN_COMMA = YES;
				CLANG_WARN_CONSTANT_CONVERSION = YES;
				CLANG_WARN_DEPRECATED_OBJC_IMPLEMENTATIONS = YES;
				CLANG_WARN_DIRECT_OBJC_ISA_USAGE = YES_ERROR;
				CLANG_WARN_DOCUMENTATION_COMMENTS = YES;
				CLANG_WARN_EMPTY_BODY = YES;
				CLANG_WARN_ENUM_CONVERSION = YES;
				CLANG_WARN_INFINITE_RECURSION = YES;
				CLANG_WARN_INT_CONVERSION = YES;
				CLANG_WARN_NON_LITERAL_NULL_CONVERSION = YES;
				CLANG_WARN_OBJC_IMPLICIT_RETAIN_SELF = YES;
				CLANG_WARN_OBJC_LITERAL_CONVERSION = YES;
				CLANG_WARN_OBJC_ROOT_CLASS = YES_ERROR;
				CLANG_WARN_QUOTED_INCLUDE_IN_FRAMEWORK_HEADER = YES;
				CLANG_WARN_RANGE_LOOP_ANALYSIS = YES;
				CLANG_WARN_STRICT_PROTOTYPES = YES;
				CLANG_WARN_SUSPICIOUS_MOVE = YES;
				CLANG_WARN_UNGUARDED_AVAILABILITY = YES_AGGRESSIVE;
				CLANG_WARN_UNREACHABLE_CODE = YES;
				CLANG_WARN__DUPLICATE_METHOD_MATCH = YES;
				COPY_PHASE_STRIP = NO;
				DEBUG_INFORMATION_FORMAT = dwarf;
				ENABLE_STRICT_OBJC_MSGSEND = YES;
				ENABLE_TESTABILITY = YES;
				ENABLE_USER_SCRIPT_SANDBOXING = YES;
				GCC_C_LANGUAGE_STANDARD = gnu17;
				GCC_DYNAMIC_NO_PIC = NO;
				GCC_NO_COMMON_BLOCKS = YES;
				GCC_OPTIMIZATION_LEVEL = 0;
				GCC_PREPROCESSOR_DEFINITIONS = (
					"DEBUG=1",
					"$(inherited)",
				);
				GCC_WARN_64_TO_32_BIT_CONVERSION = YES;
				GCC_WARN_ABOUT_RETURN_TYPE = YES_ERROR;
				GCC_WARN_UNDECLARED_SELECTOR = YES;
				GCC_WARN_UNINITIALIZED_AUTOS = YES_AGGRESSIVE;
				GCC_WARN_UNUSED_FUNCTION = YES;
				GCC_WARN_UNUSED_VARIABLE = YES;
				IPHONEOS_DEPLOYMENT_TARGET = 17.4;
				LOCALIZATION_PREFERS_STRING_CATALOGS = YES;
				MTL_ENABLE_DEBUG_INFO = INCLUDE_SOURCE;
				MTL_FAST_MATH = YES;
				ONLY_ACTIVE_ARCH = YES;
				SDKROOT = iphoneos;
				SWIFT_ACTIVE_COMPILATION_CONDITIONS = "DEBUG $(inherited)";
				SWIFT_OPTIMIZATION_LEVEL = "-Onone";
			};
			name = Debug;
		};
		33A4900E2B9F649F00CE4759 /* Release */ = {
			isa = XCBuildConfiguration;
			buildSettings = {
				ALWAYS_SEARCH_USER_PATHS = NO;
				ASSETCATALOG_COMPILER_GENERATE_SWIFT_ASSET_SYMBOL_EXTENSIONS = YES;
				CLANG_ANALYZER_NONNULL = YES;
				CLANG_ANALYZER_NUMBER_OBJECT_CONVERSION = YES_AGGRESSIVE;
				CLANG_CXX_LANGUAGE_STANDARD = "gnu++20";
				CLANG_ENABLE_MODULES = YES;
				CLANG_ENABLE_OBJC_ARC = YES;
				CLANG_ENABLE_OBJC_WEAK = YES;
				CLANG_WARN_BLOCK_CAPTURE_AUTORELEASING = YES;
				CLANG_WARN_BOOL_CONVERSION = YES;
				CLANG_WARN_COMMA = YES;
				CLANG_WARN_CONSTANT_CONVERSION = YES;
				CLANG_WARN_DEPRECATED_OBJC_IMPLEMENTATIONS = YES;
				CLANG_WARN_DIRECT_OBJC_ISA_USAGE = YES_ERROR;
				CLANG_WARN_DOCUMENTATION_COMMENTS = YES;
				CLANG_WARN_EMPTY_BODY = YES;
				CLANG_WARN_ENUM_CONVERSION = YES;
				CLANG_WARN_INFINITE_RECURSION = YES;
				CLANG_WARN_INT_CONVERSION = YES;
				CLANG_WARN_NON_LITERAL_NULL_CONVERSION = YES;
				CLANG_WARN_OBJC_IMPLICIT_RETAIN_SELF = YES;
				CLANG_WARN_OBJC_LITERAL_CONVERSION = YES;
				CLANG_WARN_OBJC_ROOT_CLASS = YES_ERROR;
				CLANG_WARN_QUOTED_INCLUDE_IN_FRAMEWORK_HEADER = YES;
				CLANG_WARN_RANGE_LOOP_ANALYSIS = YES;
				CLANG_WARN_STRICT_PROTOTYPES = YES;
				CLANG_WARN_SUSPICIOUS_MOVE = YES;
				CLANG_WARN_UNGUARDED_AVAILABILITY = YES_AGGRESSIVE;
				CLANG_WARN_UNREACHABLE_CODE = YES;
				CLANG_WARN__DUPLICATE_METHOD_MATCH = YES;
				COPY_PHASE_STRIP = NO;
				DEBUG_INFORMATION_FORMAT = "dwarf-with-dsym";
				ENABLE_NS_ASSERTIONS = NO;
				ENABLE_STRICT_OBJC_MSGSEND = YES;
				ENABLE_USER_SCRIPT_SANDBOXING = YES;
				GCC_C_LANGUAGE_STANDARD = gnu17;
				GCC_NO_COMMON_BLOCKS = YES;
				GCC_WARN_64_TO_32_BIT_CONVERSION = YES;
				GCC_WARN_ABOUT_RETURN_TYPE = YES_ERROR;
				GCC_WARN_UNDECLARED_SELECTOR = YES;
				GCC_WARN_UNINITIALIZED_AUTOS = YES_AGGRESSIVE;
				GCC_WARN_UNUSED_FUNCTION = YES;
				GCC_WARN_UNUSED_VARIABLE = YES;
				IPHONEOS_DEPLOYMENT_TARGET = 17.4;
				LOCALIZATION_PREFERS_STRING_CATALOGS = YES;
				MTL_ENABLE_DEBUG_INFO = NO;
				MTL_FAST_MATH = YES;
				SDKROOT = iphoneos;
				SWIFT_COMPILATION_MODE = wholemodule;
				VALIDATE_PRODUCT = YES;
			};
			name = Release;
		};
		33A490102B9F649F00CE4759 /* Debug */ = {
			isa = XCBuildConfiguration;
			buildSettings = {
				ASSETCATALOG_COMPILER_APPICON_NAME = AppIcon;
				ASSETCATALOG_COMPILER_GLOBAL_ACCENT_COLOR_NAME = AccentColor;
				CODE_SIGN_STYLE = Automatic;
				CURRENT_PROJECT_VERSION = 1;
				DEVELOPMENT_TEAM = 3Z9UQ5R875;
				GENERATE_INFOPLIST_FILE = YES;
				INFOPLIST_FILE = Navigation$TabBar/Info.plist;
				INFOPLIST_KEY_UIApplicationSupportsIndirectInputEvents = YES;
				INFOPLIST_KEY_UILaunchStoryboardName = LaunchScreen;
				INFOPLIST_KEY_UIMainStoryboardFile = Main;
				INFOPLIST_KEY_UISupportedInterfaceOrientations_iPad = "UIInterfaceOrientationPortrait UIInterfaceOrientationPortraitUpsideDown UIInterfaceOrientationLandscapeLeft UIInterfaceOrientationLandscapeRight";
				INFOPLIST_KEY_UISupportedInterfaceOrientations_iPhone = "UIInterfaceOrientationPortrait UIInterfaceOrientationLandscapeLeft UIInterfaceOrientationLandscapeRight";
				LD_RUNPATH_SEARCH_PATHS = (
					"$(inherited)",
					"@executable_path/Frameworks",
				);
				MARKETING_VERSION = 1.0;
				PRODUCT_BUNDLE_IDENTIFIER = "DmitryParhomenko.Navigation-TabBar";
				PRODUCT_NAME = "$(TARGET_NAME)";
				SUPPORTED_PLATFORMS = "iphoneos iphonesimulator";
				SUPPORTS_MACCATALYST = NO;
				SUPPORTS_MAC_DESIGNED_FOR_IPHONE_IPAD = NO;
				SUPPORTS_XR_DESIGNED_FOR_IPHONE_IPAD = NO;
				SWIFT_EMIT_LOC_STRINGS = YES;
				SWIFT_VERSION = 5.0;
				TARGETED_DEVICE_FAMILY = 1;
			};
			name = Debug;
		};
		33A490112B9F649F00CE4759 /* Release */ = {
			isa = XCBuildConfiguration;
			buildSettings = {
				ASSETCATALOG_COMPILER_APPICON_NAME = AppIcon;
				ASSETCATALOG_COMPILER_GLOBAL_ACCENT_COLOR_NAME = AccentColor;
				CODE_SIGN_STYLE = Automatic;
				CURRENT_PROJECT_VERSION = 1;
				DEVELOPMENT_TEAM = 3Z9UQ5R875;
				GENERATE_INFOPLIST_FILE = YES;
				INFOPLIST_FILE = Navigation$TabBar/Info.plist;
				INFOPLIST_KEY_UIApplicationSupportsIndirectInputEvents = YES;
				INFOPLIST_KEY_UILaunchStoryboardName = LaunchScreen;
				INFOPLIST_KEY_UIMainStoryboardFile = Main;
				INFOPLIST_KEY_UISupportedInterfaceOrientations_iPad = "UIInterfaceOrientationPortrait UIInterfaceOrientationPortraitUpsideDown UIInterfaceOrientationLandscapeLeft UIInterfaceOrientationLandscapeRight";
				INFOPLIST_KEY_UISupportedInterfaceOrientations_iPhone = "UIInterfaceOrientationPortrait UIInterfaceOrientationLandscapeLeft UIInterfaceOrientationLandscapeRight";
				LD_RUNPATH_SEARCH_PATHS = (
					"$(inherited)",
					"@executable_path/Frameworks",
				);
				MARKETING_VERSION = 1.0;
				PRODUCT_BUNDLE_IDENTIFIER = "DmitryParhomenko.Navigation-TabBar";
				PRODUCT_NAME = "$(TARGET_NAME)";
				SUPPORTED_PLATFORMS = "iphoneos iphonesimulator";
				SUPPORTS_MACCATALYST = NO;
				SUPPORTS_MAC_DESIGNED_FOR_IPHONE_IPAD = NO;
				SUPPORTS_XR_DESIGNED_FOR_IPHONE_IPAD = NO;
				SWIFT_EMIT_LOC_STRINGS = YES;
				SWIFT_VERSION = 5.0;
				TARGETED_DEVICE_FAMILY = 1;
			};
			name = Release;
		};
/* End XCBuildConfiguration section */

/* Begin XCConfigurationList section */
		33A48FF62B9F649C00CE4759 /* Build configuration list for PBXProject "Navigation$TabBar" */ = {
			isa = XCConfigurationList;
			buildConfigurations = (
				33A4900D2B9F649F00CE4759 /* Debug */,
				33A4900E2B9F649F00CE4759 /* Release */,
			);
			defaultConfigurationIsVisible = 0;
			defaultConfigurationName = Release;
		};
		33A4900F2B9F649F00CE4759 /* Build configuration list for PBXNativeTarget "Navigation$TabBar" */ = {
			isa = XCConfigurationList;
			buildConfigurations = (
				33A490102B9F649F00CE4759 /* Debug */,
				33A490112B9F649F00CE4759 /* Release */,
			);
			defaultConfigurationIsVisible = 0;
			defaultConfigurationName = Release;
		};
/* End XCConfigurationList section */
	};
	rootObject = 33A48FF32B9F649C00CE4759 /* Project object */;
}
